
Microsoft Visual Studio Solution File, Format Version 12.00
# Visual Studio Version 17
VisualStudioVersion = 17.2.32630.192
MinimumVisualStudioVersion = 10.0.40219.1
Project("{9A19103F-16F7-4668-BE54-9A1E7A4F7556}") = "ToDoList", "ToDoList\ToDoList.csproj", "{662B41A8-609C-4581-896D-7EAD2AD851C7}"
EndProject
Global
	GlobalSection(SolutionConfigurationPlatforms) = preSolution
		Debug|Any CPU = Debug|Any CPU
		Release|Any CPU = Release|Any CPU
	EndGlobalSection
	GlobalSection(ProjectConfigurationPlatforms) = postSolution
		{662B41A8-609C-4581-896D-7EAD2AD851C7}.Debug|Any CPU.ActiveCfg = Debug|Any CPU
		{662B41A8-609C-4581-896D-7EAD2AD851C7}.Debug|Any CPU.Build.0 = Debug|Any CPU
		{662B41A8-609C-4581-896D-7EAD2AD851C7}.Release|Any CPU.ActiveCfg = Release|Any CPU
		{662B41A8-609C-4581-896D-7EAD2AD851C7}.Release|Any CPU.Build.0 = Release|Any CPU
	EndGlobalSection
	GlobalSection(SolutionProperties) = preSolution
		HideSolutionNode = FALSE
	EndGlobalSection
	GlobalSection(ExtensibilityGlobals) = postSolution
		SolutionGuid = {83F89240-17D7-4A56-A45C-1182452BC1FB}
	EndGlobalSection
EndGlobal
